
Microsoft Visual Studio Solution File, Format Version 12.00
# Visual Studio Version 16
VisualStudioVersion = 16.0.29519.181
MinimumVisualStudioVersion = 10.0.40219.1
Project("{FAE04EC0-301F-11D3-BF4B-00C04F79EFBC}") = "Pong", "Pong\Pong.csproj", "{18B3CA5D-F3E7-4D9F-91E9-60FAAF2E6DBF}"
EndProject
Global
	GlobalSection(SolutionConfigurationPlatforms) = preSolution
		Debug|Any CPU = Debug|Any CPU
		Release|Any CPU = Release|Any CPU
	EndGlobalSection
	GlobalSection(ProjectConfigurationPlatforms) = postSolution
		{18B3CA5D-F3E7-4D9F-91E9-60FAAF2E6DBF}.Debug|Any CPU.ActiveCfg = Debug|Any CPU
		{18B3CA5D-F3E7-4D9F-91E9-60FAAF2E6DBF}.Debug|Any CPU.Build.0 = Debug|Any CPU
		{18B3CA5D-F3E7-4D9F-91E9-60FAAF2E6DBF}.Release|Any CPU.ActiveCfg = Release|Any CPU
		{18B3CA5D-F3E7-4D9F-91E9-60FAAF2E6DBF}.Release|Any CPU.Build.0 = Release|Any CPU
	EndGlobalSection
	GlobalSection(SolutionProperties) = preSolution
		HideSolutionNode = FALSE
	EndGlobalSection
	GlobalSection(ExtensibilityGlobals) = postSolution
		SolutionGuid = {8C972020-6FF8-43F7-80E7-F72A8772640D}
	EndGlobalSection
EndGlobal
